<?xml version="1.0" encoding="UTF-8" standalone="yes" ?>
<CodeBlocks_project_file>
	<FileVersion major="1" minor="6" />
	<Project>
		<Option title="jmeta" />
		<Option pch_mode="2" />
		<Option compiler="gcc" />
		<Build>
			<Target title="Debug">
				<Option output="bin/Debug/jmeta" prefix_auto="1" extension_auto="1" />
				<Option object_output="obj/Debug/" />
				<Option type="1" />
				<Option compiler="gcc" />
				<Compiler>
					<Add option="-g" />
					<Add option="-std=c99 -Werror -pedantic-errors" />
					<Add directory="/home/devincube/projects/cmeta/cmeta" />
					<Add directory="/home/devincube/projects/cmeta/examples/jmeta/cJSON" />
				</Compiler>
			</Target>
			<Target title="Release">
				<Option output="bin/Release/jmeta" prefix_auto="1" extension_auto="1" />
				<Option object_output="obj/Release/" />
				<Option type="1" />
				<Option compiler="gcc" />
				<Compiler>
					<Add option="-O2" />
				</Compiler>
				<Linker>
					<Add option="-s" />
				</Linker>
			</Target>
		</Build>
		<Compiler>
			<Add option="-Wall" />
		</Compiler>
		<Unit filename="../../cmeta/cmeta.c">
			<Option compilerVar="CC" />
		</Unit>
		<Unit filename="cJSON/cJSON.c">
			<Option compilerVar="CC" />
		</Unit>
		<Unit filename="jmeta.c">
			<Option compilerVar="CC" />
		</Unit>
		<Unit filename="jmeta.h">
			<Option target="&lt;{~None~}&gt;" />
		</Unit>
		<Unit filename="main.c">
			<Option compilerVar="CC" />
		</Unit>
		<Extensions>
			<code_completion />
			<debugger />
		</Extensions>
	</Project>
</CodeBlocks_project_file>
